// !$*UTF8*$!
{
	archiveVersion = 1;
	classes = {
	};
	objectVersion = 56;
	objects = {

/* Begin PBXBuildFile section */
		CF7558FF2A7A1A8E005E3583 /* StartViewController.swift in Sources */ = {isa = PBXBuildFile; fileRef = CF7558FE2A7A1A8E005E3583 /* StartViewController.swift */; };
		CF7559022A7A2601005E3583 /* StartViewModel.swift in Sources */ = {isa = PBXBuildFile; fileRef = CF7559012A7A2601005E3583 /* StartViewModel.swift */; };
		CF7559052A7A2F5A005E3583 /* KakaoSDK in Frameworks */ = {isa = PBXBuildFile; productRef = CF7559042A7A2F5A005E3583 /* KakaoSDK */; };
		CF7559072A7A2F5A005E3583 /* KakaoSDKAuth in Frameworks */ = {isa = PBXBuildFile; productRef = CF7559062A7A2F5A005E3583 /* KakaoSDKAuth */; };
		CF7559092A7A2F5A005E3583 /* KakaoSDKCommon in Frameworks */ = {isa = PBXBuildFile; productRef = CF7559082A7A2F5A005E3583 /* KakaoSDKCommon */; };
		CF75590B2A7A2F5A005E3583 /* KakaoSDKUser in Frameworks */ = {isa = PBXBuildFile; productRef = CF75590A2A7A2F5A005E3583 /* KakaoSDKUser */; };
		CF75590E2A7A303A005E3583 /* Constants.swift in Sources */ = {isa = PBXBuildFile; fileRef = CF75590D2A7A303A005E3583 /* Constants.swift */; };
		CF7559102A7A361D005E3583 /* RootViewModel.swift in Sources */ = {isa = PBXBuildFile; fileRef = CF75590F2A7A361D005E3583 /* RootViewModel.swift */; };
		CF7559122A7A3C96005E3583 /* User.swift in Sources */ = {isa = PBXBuildFile; fileRef = CF7559112A7A3C96005E3583 /* User.swift */; };
		CF7559142A7A4704005E3583 /* HomeViewModel.swift in Sources */ = {isa = PBXBuildFile; fileRef = CF7559132A7A4704005E3583 /* HomeViewModel.swift */; };
		CF7559172A7A6274005E3583 /* SearchResultCell.swift in Sources */ = {isa = PBXBuildFile; fileRef = CF7559162A7A6274005E3583 /* SearchResultCell.swift */; };
		CF7BC5432A7A7AD4009310D4 /* SearchResultViewModel.swift in Sources */ = {isa = PBXBuildFile; fileRef = CF7BC5422A7A7AD4009310D4 /* SearchResultViewModel.swift */; };
		CF7BC5452A7A801A009310D4 /* SearchViewModel.swift in Sources */ = {isa = PBXBuildFile; fileRef = CF7BC5442A7A801A009310D4 /* SearchViewModel.swift */; };
		CFC22D552A78E49B00524D88 /* SnapKit in Frameworks */ = {isa = PBXBuildFile; productRef = CFC22D542A78E49B00524D88 /* SnapKit */; };
		CFC22D582A78E4A900524D88 /* SDWebImage in Frameworks */ = {isa = PBXBuildFile; productRef = CFC22D572A78E4A900524D88 /* SDWebImage */; };
		CFC22D5B2A78E7AF00524D88 /* HomeHeader.swift in Sources */ = {isa = PBXBuildFile; fileRef = CFC22D5A2A78E7AF00524D88 /* HomeHeader.swift */; };
		CFC22D5D2A78F69800524D88 /* SearchLocationViewController.swift in Sources */ = {isa = PBXBuildFile; fileRef = CFC22D5C2A78F69800524D88 /* SearchLocationViewController.swift */; };
		CFC22D602A78FAF200524D88 /* PaddingTextField.swift in Sources */ = {isa = PBXBuildFile; fileRef = CFC22D5F2A78FAF200524D88 /* PaddingTextField.swift */; };
		CFFFF2D12A73CD4700C2B404 /* AppDelegate.swift in Sources */ = {isa = PBXBuildFile; fileRef = CFFFF2D02A73CD4700C2B404 /* AppDelegate.swift */; };
		CFFFF2D32A73CD4700C2B404 /* SceneDelegate.swift in Sources */ = {isa = PBXBuildFile; fileRef = CFFFF2D22A73CD4700C2B404 /* SceneDelegate.swift */; };
		CFFFF2D52A73CD4700C2B404 /* RootViewController.swift in Sources */ = {isa = PBXBuildFile; fileRef = CFFFF2D42A73CD4700C2B404 /* RootViewController.swift */; };
		CFFFF2DA2A73CD4800C2B404 /* Assets.xcassets in Resources */ = {isa = PBXBuildFile; fileRef = CFFFF2D92A73CD4800C2B404 /* Assets.xcassets */; };
		CFFFF2DD2A73CD4800C2B404 /* LaunchScreen.storyboard in Resources */ = {isa = PBXBuildFile; fileRef = CFFFF2DB2A73CD4800C2B404 /* LaunchScreen.storyboard */; };
		CFFFF2E82A73D07800C2B404 /* HomeViewController.swift in Sources */ = {isa = PBXBuildFile; fileRef = CFFFF2E72A73D07800C2B404 /* HomeViewController.swift */; };
		CFFFF2EA2A73D08700C2B404 /* MapViewController.swift in Sources */ = {isa = PBXBuildFile; fileRef = CFFFF2E92A73D08700C2B404 /* MapViewController.swift */; };
		CFFFF2EC2A73D0A800C2B404 /* BoardViewController.swift in Sources */ = {isa = PBXBuildFile; fileRef = CFFFF2EB2A73D0A800C2B404 /* BoardViewController.swift */; };
		CFFFF2EE2A73D0B100C2B404 /* MyPageViewController.swift in Sources */ = {isa = PBXBuildFile; fileRef = CFFFF2ED2A73D0B100C2B404 /* MyPageViewController.swift */; };
/* End PBXBuildFile section */

/* Begin PBXFileReference section */
		CF7558FE2A7A1A8E005E3583 /* StartViewController.swift */ = {isa = PBXFileReference; lastKnownFileType = sourcecode.swift; name = StartViewController.swift; path = WhereU/View/Controller/Home/StartViewController.swift; sourceTree = SOURCE_ROOT; };
		CF7559002A7A1E20005E3583 /* WhereU.entitlements */ = {isa = PBXFileReference; lastKnownFileType = text.plist.entitlements; path = WhereU.entitlements; sourceTree = "<group>"; };
		CF7559012A7A2601005E3583 /* StartViewModel.swift */ = {isa = PBXFileReference; lastKnownFileType = sourcecode.swift; path = StartViewModel.swift; sourceTree = "<group>"; };
		CF75590D2A7A303A005E3583 /* Constants.swift */ = {isa = PBXFileReference; lastKnownFileType = sourcecode.swift; path = Constants.swift; sourceTree = "<group>"; };
		CF75590F2A7A361D005E3583 /* RootViewModel.swift */ = {isa = PBXFileReference; lastKnownFileType = sourcecode.swift; path = RootViewModel.swift; sourceTree = "<group>"; };
		CF7559112A7A3C96005E3583 /* User.swift */ = {isa = PBXFileReference; lastKnownFileType = sourcecode.swift; path = User.swift; sourceTree = "<group>"; };
		CF7559132A7A4704005E3583 /* HomeViewModel.swift */ = {isa = PBXFileReference; lastKnownFileType = sourcecode.swift; path = HomeViewModel.swift; sourceTree = "<group>"; };
		CF7559162A7A6274005E3583 /* SearchResultCell.swift */ = {isa = PBXFileReference; lastKnownFileType = sourcecode.swift; path = SearchResultCell.swift; sourceTree = "<group>"; };
		CF7BC5422A7A7AD4009310D4 /* SearchResultViewModel.swift */ = {isa = PBXFileReference; lastKnownFileType = sourcecode.swift; path = SearchResultViewModel.swift; sourceTree = "<group>"; };
		CF7BC5442A7A801A009310D4 /* SearchViewModel.swift */ = {isa = PBXFileReference; lastKnownFileType = sourcecode.swift; path = SearchViewModel.swift; sourceTree = "<group>"; };
		CFC22D5A2A78E7AF00524D88 /* HomeHeader.swift */ = {isa = PBXFileReference; lastKnownFileType = sourcecode.swift; path = HomeHeader.swift; sourceTree = "<group>"; };
		CFC22D5C2A78F69800524D88 /* SearchLocationViewController.swift */ = {isa = PBXFileReference; lastKnownFileType = sourcecode.swift; path = SearchLocationViewController.swift; sourceTree = "<group>"; };
		CFC22D5F2A78FAF200524D88 /* PaddingTextField.swift */ = {isa = PBXFileReference; lastKnownFileType = sourcecode.swift; path = PaddingTextField.swift; sourceTree = "<group>"; };
		CFFFF2CD2A73CD4700C2B404 /* WhereU.app */ = {isa = PBXFileReference; explicitFileType = wrapper.application; includeInIndex = 0; path = WhereU.app; sourceTree = BUILT_PRODUCTS_DIR; };
		CFFFF2D02A73CD4700C2B404 /* AppDelegate.swift */ = {isa = PBXFileReference; lastKnownFileType = sourcecode.swift; path = AppDelegate.swift; sourceTree = "<group>"; };
		CFFFF2D22A73CD4700C2B404 /* SceneDelegate.swift */ = {isa = PBXFileReference; lastKnownFileType = sourcecode.swift; path = SceneDelegate.swift; sourceTree = "<group>"; };
		CFFFF2D42A73CD4700C2B404 /* RootViewController.swift */ = {isa = PBXFileReference; lastKnownFileType = sourcecode.swift; path = RootViewController.swift; sourceTree = "<group>"; };
		CFFFF2D92A73CD4800C2B404 /* Assets.xcassets */ = {isa = PBXFileReference; lastKnownFileType = folder.assetcatalog; path = Assets.xcassets; sourceTree = "<group>"; };
		CFFFF2DC2A73CD4800C2B404 /* Base */ = {isa = PBXFileReference; lastKnownFileType = file.storyboard; name = Base; path = Base.lproj/LaunchScreen.storyboard; sourceTree = "<group>"; };
		CFFFF2DE2A73CD4800C2B404 /* Info.plist */ = {isa = PBXFileReference; lastKnownFileType = text.plist.xml; path = Info.plist; sourceTree = "<group>"; };
		CFFFF2E72A73D07800C2B404 /* HomeViewController.swift */ = {isa = PBXFileReference; lastKnownFileType = sourcecode.swift; path = HomeViewController.swift; sourceTree = "<group>"; };
		CFFFF2E92A73D08700C2B404 /* MapViewController.swift */ = {isa = PBXFileReference; lastKnownFileType = sourcecode.swift; path = MapViewController.swift; sourceTree = "<group>"; };
		CFFFF2EB2A73D0A800C2B404 /* BoardViewController.swift */ = {isa = PBXFileReference; lastKnownFileType = sourcecode.swift; path = BoardViewController.swift; sourceTree = "<group>"; };
		CFFFF2ED2A73D0B100C2B404 /* MyPageViewController.swift */ = {isa = PBXFileReference; lastKnownFileType = sourcecode.swift; path = MyPageViewController.swift; sourceTree = "<group>"; };
/* End PBXFileReference section */

/* Begin PBXFrameworksBuildPhase section */
		CFFFF2CA2A73CD4700C2B404 /* Frameworks */ = {
			isa = PBXFrameworksBuildPhase;
			buildActionMask = 2147483647;
			files = (
				CFC22D582A78E4A900524D88 /* SDWebImage in Frameworks */,
				CFC22D552A78E49B00524D88 /* SnapKit in Frameworks */,
				CF75590B2A7A2F5A005E3583 /* KakaoSDKUser in Frameworks */,
				CF7559052A7A2F5A005E3583 /* KakaoSDK in Frameworks */,
				CF7559092A7A2F5A005E3583 /* KakaoSDKCommon in Frameworks */,
				CF7559072A7A2F5A005E3583 /* KakaoSDKAuth in Frameworks */,
			);
			runOnlyForDeploymentPostprocessing = 0;
		};
/* End PBXFrameworksBuildPhase section */

/* Begin PBXGroup section */
		CF0938202A7520A1009666FC /* Controller */ = {
			isa = PBXGroup;
			children = (
				CF7558FD2A7A19B8005E3583 /* Login */,
				CFC22D592A78E6FE00524D88 /* Home */,
				CF7559152A7A625C005E3583 /* Search */,
				CFFFF2D42A73CD4700C2B404 /* RootViewController.swift */,
				CFFFF2E92A73D08700C2B404 /* MapViewController.swift */,
				CFFFF2EB2A73D0A800C2B404 /* BoardViewController.swift */,
				CFFFF2ED2A73D0B100C2B404 /* MyPageViewController.swift */,
			);
			path = Controller;
			sourceTree = "<group>";
		};
		CF0938212A7520B3009666FC /* App */ = {
			isa = PBXGroup;
			children = (
				CFFFF2D02A73CD4700C2B404 /* AppDelegate.swift */,
				CFFFF2D22A73CD4700C2B404 /* SceneDelegate.swift */,
			);
			path = App;
			sourceTree = "<group>";
		};
		CF7558FD2A7A19B8005E3583 /* Login */ = {
			isa = PBXGroup;
			children = (
				CF7558FE2A7A1A8E005E3583 /* StartViewController.swift */,
			);
			path = Login;
			sourceTree = "<group>";
		};
		CF75590C2A7A3033005E3583 /* Utils */ = {
			isa = PBXGroup;
			children = (
				CF75590D2A7A303A005E3583 /* Constants.swift */,
			);
			path = Utils;
			sourceTree = "<group>";
		};
		CF7559152A7A625C005E3583 /* Search */ = {
			isa = PBXGroup;
			children = (
				CFC22D5C2A78F69800524D88 /* SearchLocationViewController.swift */,
				CF7559162A7A6274005E3583 /* SearchResultCell.swift */,
			);
			path = Search;
			sourceTree = "<group>";
		};
		CFC22D592A78E6FE00524D88 /* Home */ = {
			isa = PBXGroup;
			children = (
				CFFFF2E72A73D07800C2B404 /* HomeViewController.swift */,
				CFC22D5A2A78E7AF00524D88 /* HomeHeader.swift */,
			);
			path = Home;
			sourceTree = "<group>";
		};
		CFC22D5E2A78FAE700524D88 /* Custom */ = {
			isa = PBXGroup;
			children = (
				CFC22D5F2A78FAF200524D88 /* PaddingTextField.swift */,
			);
			path = Custom;
			sourceTree = "<group>";
		};
		CFFFF2C42A73CD4700C2B404 = {
			isa = PBXGroup;
			children = (
				CFFFF2CF2A73CD4700C2B404 /* WhereU */,
				CFFFF2CE2A73CD4700C2B404 /* Products */,
			);
			sourceTree = "<group>";
		};
		CFFFF2CE2A73CD4700C2B404 /* Products */ = {
			isa = PBXGroup;
			children = (
				CFFFF2CD2A73CD4700C2B404 /* WhereU.app */,
			);
			name = Products;
			sourceTree = "<group>";
		};
		CFFFF2CF2A73CD4700C2B404 /* WhereU */ = {
			isa = PBXGroup;
			children = (
				CF75590C2A7A3033005E3583 /* Utils */,
				CF7559002A7A1E20005E3583 /* WhereU.entitlements */,
				CF0938212A7520B3009666FC /* App */,
				CFFFF2E62A73CFB100C2B404 /* Model */,
				CFFFF2E42A73CFA100C2B404 /* View */,
				CFFFF2E52A73CFAC00C2B404 /* ViewModel */,
				CFFFF2D92A73CD4800C2B404 /* Assets.xcassets */,
				CFFFF2DB2A73CD4800C2B404 /* LaunchScreen.storyboard */,
				CFFFF2DE2A73CD4800C2B404 /* Info.plist */,
			);
			path = WhereU;
			sourceTree = "<group>";
		};
		CFFFF2E42A73CFA100C2B404 /* View */ = {
			isa = PBXGroup;
			children = (
				CFC22D5E2A78FAE700524D88 /* Custom */,
				CF0938202A7520A1009666FC /* Controller */,
			);
			path = View;
			sourceTree = "<group>";
		};
		CFFFF2E52A73CFAC00C2B404 /* ViewModel */ = {
			isa = PBXGroup;
			children = (
				CF7559012A7A2601005E3583 /* StartViewModel.swift */,
				CF75590F2A7A361D005E3583 /* RootViewModel.swift */,
				CF7559132A7A4704005E3583 /* HomeViewModel.swift */,
				CF7BC5422A7A7AD4009310D4 /* SearchResultViewModel.swift */,
				CF7BC5442A7A801A009310D4 /* SearchViewModel.swift */,
			);
			path = ViewModel;
			sourceTree = "<group>";
		};
		CFFFF2E62A73CFB100C2B404 /* Model */ = {
			isa = PBXGroup;
			children = (
				CF7559112A7A3C96005E3583 /* User.swift */,
			);
			path = Model;
			sourceTree = "<group>";
		};
/* End PBXGroup section */

/* Begin PBXNativeTarget section */
		CFFFF2CC2A73CD4700C2B404 /* WhereU */ = {
			isa = PBXNativeTarget;
			buildConfigurationList = CFFFF2E12A73CD4800C2B404 /* Build configuration list for PBXNativeTarget "WhereU" */;
			buildPhases = (
				CFFFF2C92A73CD4700C2B404 /* Sources */,
				CFFFF2CA2A73CD4700C2B404 /* Frameworks */,
				CFFFF2CB2A73CD4700C2B404 /* Resources */,
			);
			buildRules = (
			);
			dependencies = (
			);
			name = WhereU;
			packageProductDependencies = (
				CFC22D542A78E49B00524D88 /* SnapKit */,
				CFC22D572A78E4A900524D88 /* SDWebImage */,
				CF7559042A7A2F5A005E3583 /* KakaoSDK */,
				CF7559062A7A2F5A005E3583 /* KakaoSDKAuth */,
				CF7559082A7A2F5A005E3583 /* KakaoSDKCommon */,
				CF75590A2A7A2F5A005E3583 /* KakaoSDKUser */,
			);
			productName = WhereU;
			productReference = CFFFF2CD2A73CD4700C2B404 /* WhereU.app */;
			productType = "com.apple.product-type.application";
		};
/* End PBXNativeTarget section */

/* Begin PBXProject section */
		CFFFF2C52A73CD4700C2B404 /* Project object */ = {
			isa = PBXProject;
			attributes = {
				BuildIndependentTargetsInParallel = 1;
				LastSwiftUpdateCheck = 1430;
				LastUpgradeCheck = 1430;
				TargetAttributes = {
					CFFFF2CC2A73CD4700C2B404 = {
						CreatedOnToolsVersion = 14.3.1;
					};
				};
			};
			buildConfigurationList = CFFFF2C82A73CD4700C2B404 /* Build configuration list for PBXProject "WhereU" */;
			compatibilityVersion = "Xcode 14.0";
			developmentRegion = en;
			hasScannedForEncodings = 0;
			knownRegions = (
				en,
				Base,
			);
			mainGroup = CFFFF2C42A73CD4700C2B404;
			packageReferences = (
				CFC22D532A78E49B00524D88 /* XCRemoteSwiftPackageReference "SnapKit" */,
				CFC22D562A78E4A900524D88 /* XCRemoteSwiftPackageReference "SDWebImage" */,
				CF7559032A7A2F5A005E3583 /* XCRemoteSwiftPackageReference "kakao-ios-sdk" */,
			);
			productRefGroup = CFFFF2CE2A73CD4700C2B404 /* Products */;
			projectDirPath = "";
			projectRoot = "";
			targets = (
				CFFFF2CC2A73CD4700C2B404 /* WhereU */,
			);
		};
/* End PBXProject section */

/* Begin PBXResourcesBuildPhase section */
		CFFFF2CB2A73CD4700C2B404 /* Resources */ = {
			isa = PBXResourcesBuildPhase;
			buildActionMask = 2147483647;
			files = (
				CFFFF2DD2A73CD4800C2B404 /* LaunchScreen.storyboard in Resources */,
				CFFFF2DA2A73CD4800C2B404 /* Assets.xcassets in Resources */,
			);
			runOnlyForDeploymentPostprocessing = 0;
		};
/* End PBXResourcesBuildPhase section */

/* Begin PBXSourcesBuildPhase section */
		CFFFF2C92A73CD4700C2B404 /* Sources */ = {
			isa = PBXSourcesBuildPhase;
			buildActionMask = 2147483647;
			files = (
				CFFFF2D52A73CD4700C2B404 /* RootViewController.swift in Sources */,
				CF7559022A7A2601005E3583 /* StartViewModel.swift in Sources */,
				CFFFF2D12A73CD4700C2B404 /* AppDelegate.swift in Sources */,
				CF7559142A7A4704005E3583 /* HomeViewModel.swift in Sources */,
				CF7BC5452A7A801A009310D4 /* SearchViewModel.swift in Sources */,
				CFFFF2EE2A73D0B100C2B404 /* MyPageViewController.swift in Sources */,
				CFFFF2D32A73CD4700C2B404 /* SceneDelegate.swift in Sources */,
				CF7559172A7A6274005E3583 /* SearchResultCell.swift in Sources */,
				CF7BC5432A7A7AD4009310D4 /* SearchResultViewModel.swift in Sources */,
				CFFFF2EA2A73D08700C2B404 /* MapViewController.swift in Sources */,
				CF7558FF2A7A1A8E005E3583 /* StartViewController.swift in Sources */,
				CF7559102A7A361D005E3583 /* RootViewModel.swift in Sources */,
				CF7559122A7A3C96005E3583 /* User.swift in Sources */,
				CFC22D5B2A78E7AF00524D88 /* HomeHeader.swift in Sources */,
				CFC22D5D2A78F69800524D88 /* SearchLocationViewController.swift in Sources */,
				CF75590E2A7A303A005E3583 /* Constants.swift in Sources */,
				CFFFF2E82A73D07800C2B404 /* HomeViewController.swift in Sources */,
				CFFFF2EC2A73D0A800C2B404 /* BoardViewController.swift in Sources */,
				CFC22D602A78FAF200524D88 /* PaddingTextField.swift in Sources */,
			);
			runOnlyForDeploymentPostprocessing = 0;
		};
/* End PBXSourcesBuildPhase section */

/* Begin PBXVariantGroup section */
		CFFFF2DB2A73CD4800C2B404 /* LaunchScreen.storyboard */ = {
			isa = PBXVariantGroup;
			children = (
				CFFFF2DC2A73CD4800C2B404 /* Base */,
			);
			name = LaunchScreen.storyboard;
			sourceTree = "<group>";
		};
/* End PBXVariantGroup section */

/* Begin XCBuildConfiguration section */
		CFFFF2DF2A73CD4800C2B404 /* Debug */ = {
			isa = XCBuildConfiguration;
			buildSettings = {
				ALWAYS_SEARCH_USER_PATHS = NO;
				CLANG_ANALYZER_NONNULL = YES;
				CLANG_ANALYZER_NUMBER_OBJECT_CONVERSION = YES_AGGRESSIVE;
				CLANG_CXX_LANGUAGE_STANDARD = "gnu++20";
				CLANG_ENABLE_MODULES = YES;
				CLANG_ENABLE_OBJC_ARC = YES;
				CLANG_ENABLE_OBJC_WEAK = YES;
				CLANG_WARN_BLOCK_CAPTURE_AUTORELEASING = YES;
				CLANG_WARN_BOOL_CONVERSION = YES;
				CLANG_WARN_COMMA = YES;
				CLANG_WARN_CONSTANT_CONVERSION = YES;
				CLANG_WARN_DEPRECATED_OBJC_IMPLEMENTATIONS = YES;
				CLANG_WARN_DIRECT_OBJC_ISA_USAGE = YES_ERROR;
				CLANG_WARN_DOCUMENTATION_COMMENTS = YES;
				CLANG_WARN_EMPTY_BODY = YES;
				CLANG_WARN_ENUM_CONVERSION = YES;
				CLANG_WARN_INFINITE_RECURSION = YES;
				CLANG_WARN_INT_CONVERSION = YES;
				CLANG_WARN_NON_LITERAL_NULL_CONVERSION = YES;
				CLANG_WARN_OBJC_IMPLICIT_RETAIN_SELF = YES;
				CLANG_WARN_OBJC_LITERAL_CONVERSION = YES;
				CLANG_WARN_OBJC_ROOT_CLASS = YES_ERROR;
				CLANG_WARN_QUOTED_INCLUDE_IN_FRAMEWORK_HEADER = YES;
				CLANG_WARN_RANGE_LOOP_ANALYSIS = YES;
				CLANG_WARN_STRICT_PROTOTYPES = YES;
				CLANG_WARN_SUSPICIOUS_MOVE = YES;
				CLANG_WARN_UNGUARDED_AVAILABILITY = YES_AGGRESSIVE;
				CLANG_WARN_UNREACHABLE_CODE = YES;
				CLANG_WARN__DUPLICATE_METHOD_MATCH = YES;
				COPY_PHASE_STRIP = NO;
				DEBUG_INFORMATION_FORMAT = dwarf;
				ENABLE_STRICT_OBJC_MSGSEND = YES;
				ENABLE_TESTABILITY = YES;
				GCC_C_LANGUAGE_STANDARD = gnu11;
				GCC_DYNAMIC_NO_PIC = NO;
				GCC_NO_COMMON_BLOCKS = YES;
				GCC_OPTIMIZATION_LEVEL = 0;
				GCC_PREPROCESSOR_DEFINITIONS = (
					"DEBUG=1",
					"$(inherited)",
				);
				GCC_WARN_64_TO_32_BIT_CONVERSION = YES;
				GCC_WARN_ABOUT_RETURN_TYPE = YES_ERROR;
				GCC_WARN_UNDECLARED_SELECTOR = YES;
				GCC_WARN_UNINITIALIZED_AUTOS = YES_AGGRESSIVE;
				GCC_WARN_UNUSED_FUNCTION = YES;
				GCC_WARN_UNUSED_VARIABLE = YES;
				IPHONEOS_DEPLOYMENT_TARGET = 16.4;
				MTL_ENABLE_DEBUG_INFO = INCLUDE_SOURCE;
				MTL_FAST_MATH = YES;
				ONLY_ACTIVE_ARCH = YES;
				SDKROOT = iphoneos;
				SWIFT_ACTIVE_COMPILATION_CONDITIONS = DEBUG;
				SWIFT_OPTIMIZATION_LEVEL = "-Onone";
			};
			name = Debug;
		};
		CFFFF2E02A73CD4800C2B404 /* Release */ = {
			isa = XCBuildConfiguration;
			buildSettings = {
				ALWAYS_SEARCH_USER_PATHS = NO;
				CLANG_ANALYZER_NONNULL = YES;
				CLANG_ANALYZER_NUMBER_OBJECT_CONVERSION = YES_AGGRESSIVE;
				CLANG_CXX_LANGUAGE_STANDARD = "gnu++20";
				CLANG_ENABLE_MODULES = YES;
				CLANG_ENABLE_OBJC_ARC = YES;
				CLANG_ENABLE_OBJC_WEAK = YES;
				CLANG_WARN_BLOCK_CAPTURE_AUTORELEASING = YES;
				CLANG_WARN_BOOL_CONVERSION = YES;
				CLANG_WARN_COMMA = YES;
				CLANG_WARN_CONSTANT_CONVERSION = YES;
				CLANG_WARN_DEPRECATED_OBJC_IMPLEMENTATIONS = YES;
				CLANG_WARN_DIRECT_OBJC_ISA_USAGE = YES_ERROR;
				CLANG_WARN_DOCUMENTATION_COMMENTS = YES;
				CLANG_WARN_EMPTY_BODY = YES;
				CLANG_WARN_ENUM_CONVERSION = YES;
				CLANG_WARN_INFINITE_RECURSION = YES;
				CLANG_WARN_INT_CONVERSION = YES;
				CLANG_WARN_NON_LITERAL_NULL_CONVERSION = YES;
				CLANG_WARN_OBJC_IMPLICIT_RETAIN_SELF = YES;
				CLANG_WARN_OBJC_LITERAL_CONVERSION = YES;
				CLANG_WARN_OBJC_ROOT_CLASS = YES_ERROR;
				CLANG_WARN_QUOTED_INCLUDE_IN_FRAMEWORK_HEADER = YES;
				CLANG_WARN_RANGE_LOOP_ANALYSIS = YES;
				CLANG_WARN_STRICT_PROTOTYPES = YES;
				CLANG_WARN_SUSPICIOUS_MOVE = YES;
				CLANG_WARN_UNGUARDED_AVAILABILITY = YES_AGGRESSIVE;
				CLANG_WARN_UNREACHABLE_CODE = YES;
				CLANG_WARN__DUPLICATE_METHOD_MATCH = YES;
				COPY_PHASE_STRIP = NO;
				DEBUG_INFORMATION_FORMAT = "dwarf-with-dsym";
				ENABLE_NS_ASSERTIONS = NO;
				ENABLE_STRICT_OBJC_MSGSEND = YES;
				GCC_C_LANGUAGE_STANDARD = gnu11;
				GCC_NO_COMMON_BLOCKS = YES;
				GCC_WARN_64_TO_32_BIT_CONVERSION = YES;
				GCC_WARN_ABOUT_RETURN_TYPE = YES_ERROR;
				GCC_WARN_UNDECLARED_SELECTOR = YES;
				GCC_WARN_UNINITIALIZED_AUTOS = YES_AGGRESSIVE;
				GCC_WARN_UNUSED_FUNCTION = YES;
				GCC_WARN_UNUSED_VARIABLE = YES;
				IPHONEOS_DEPLOYMENT_TARGET = 16.4;
				MTL_ENABLE_DEBUG_INFO = NO;
				MTL_FAST_MATH = YES;
				SDKROOT = iphoneos;
				SWIFT_COMPILATION_MODE = wholemodule;
				SWIFT_OPTIMIZATION_LEVEL = "-O";
				VALIDATE_PRODUCT = YES;
			};
			name = Release;
		};
		CFFFF2E22A73CD4800C2B404 /* Debug */ = {
			isa = XCBuildConfiguration;
			buildSettings = {
				ASSETCATALOG_COMPILER_APPICON_NAME = AppIcon;
				ASSETCATALOG_COMPILER_GLOBAL_ACCENT_COLOR_NAME = AccentColor;
				CODE_SIGN_ENTITLEMENTS = WhereU/WhereU.entitlements;
				CODE_SIGN_STYLE = Automatic;
				CURRENT_PROJECT_VERSION = 1;
				DEVELOPMENT_TEAM = EX6G2VC9J8;
				GENERATE_INFOPLIST_FILE = YES;
				INFOPLIST_FILE = WhereU/Info.plist;
				INFOPLIST_KEY_NSLocationAlwaysAndWhenInUseUsageDescription = "재난 상황을 빠르게 파악하고, 사용자의 위치를 기반으로 재난 상황을 전달하기 위해 사용됩니다.";
				INFOPLIST_KEY_NSLocationWhenInUseUsageDescription = "재난 상황을 빠르게 파악하고, 사용자의 위치를 기반으로 재난 상황을 전달하기 위해 사용됩니다.";
				INFOPLIST_KEY_UIApplicationSupportsIndirectInputEvents = YES;
				INFOPLIST_KEY_UILaunchStoryboardName = LaunchScreen;
				INFOPLIST_KEY_UIStatusBarStyle = UIStatusBarStyleDarkContent;
				INFOPLIST_KEY_UISupportedInterfaceOrientations = UIInterfaceOrientationPortrait;
				INFOPLIST_KEY_UISupportedInterfaceOrientations_iPad = "UIInterfaceOrientationLandscapeLeft UIInterfaceOrientationLandscapeRight UIInterfaceOrientationPortrait UIInterfaceOrientationPortraitUpsideDown";
				INFOPLIST_KEY_UIUserInterfaceStyle = Light;
				IPHONEOS_DEPLOYMENT_TARGET = 15.0;
				LD_RUNPATH_SEARCH_PATHS = (
					"$(inherited)",
					"@executable_path/Frameworks",
				);
				MARKETING_VERSION = 1.0;
				PRODUCT_BUNDLE_IDENTIFIER = com.dldmswo1209.WhereU;
				PRODUCT_NAME = "$(TARGET_NAME)";
				SUPPORTED_PLATFORMS = "iphoneos iphonesimulator";
				SUPPORTS_MACCATALYST = NO;
				SUPPORTS_MAC_DESIGNED_FOR_IPHONE_IPAD = NO;
				SWIFT_EMIT_LOC_STRINGS = YES;
				SWIFT_VERSION = 5.0;
				TARGETED_DEVICE_FAMILY = 1;
			};
			name = Debug;
		};
		CFFFF2E32A73CD4800C2B404 /* Release */ = {
			isa = XCBuildConfiguration;
			buildSettings = {
				ASSETCATALOG_COMPILER_APPICON_NAME = AppIcon;
				ASSETCATALOG_COMPILER_GLOBAL_ACCENT_COLOR_NAME = AccentColor;
				CODE_SIGN_ENTITLEMENTS = WhereU/WhereU.entitlements;
				CODE_SIGN_STYLE = Automatic;
				CURRENT_PROJECT_VERSION = 1;
				DEVELOPMENT_TEAM = EX6G2VC9J8;
				GENERATE_INFOPLIST_FILE = YES;
				INFOPLIST_FILE = WhereU/Info.plist;
				INFOPLIST_KEY_NSLocationAlwaysAndWhenInUseUsageDescription = "재난 상황을 빠르게 파악하고, 사용자의 위치를 기반으로 재난 상황을 전달하기 위해 사용됩니다.";
				INFOPLIST_KEY_NSLocationWhenInUseUsageDescription = "재난 상황을 빠르게 파악하고, 사용자의 위치를 기반으로 재난 상황을 전달하기 위해 사용됩니다.";
				INFOPLIST_KEY_UIApplicationSupportsIndirectInputEvents = YES;
				INFOPLIST_KEY_UILaunchStoryboardName = LaunchScreen;
				INFOPLIST_KEY_UIStatusBarStyle = UIStatusBarStyleDarkContent;
				INFOPLIST_KEY_UISupportedInterfaceOrientations = UIInterfaceOrientationPortrait;
				INFOPLIST_KEY_UISupportedInterfaceOrientations_iPad = "UIInterfaceOrientationLandscapeLeft UIInterfaceOrientationLandscapeRight UIInterfaceOrientationPortrait UIInterfaceOrientationPortraitUpsideDown";
				INFOPLIST_KEY_UIUserInterfaceStyle = Light;
				IPHONEOS_DEPLOYMENT_TARGET = 15.0;
				LD_RUNPATH_SEARCH_PATHS = (
					"$(inherited)",
					"@executable_path/Frameworks",
				);
				MARKETING_VERSION = 1.0;
				PRODUCT_BUNDLE_IDENTIFIER = com.dldmswo1209.WhereU;
				PRODUCT_NAME = "$(TARGET_NAME)";
				SUPPORTED_PLATFORMS = "iphoneos iphonesimulator";
				SUPPORTS_MACCATALYST = NO;
				SUPPORTS_MAC_DESIGNED_FOR_IPHONE_IPAD = NO;
				SWIFT_EMIT_LOC_STRINGS = YES;
				SWIFT_VERSION = 5.0;
				TARGETED_DEVICE_FAMILY = 1;
			};
			name = Release;
		};
/* End XCBuildConfiguration section */

/* Begin XCConfigurationList section */
		CFFFF2C82A73CD4700C2B404 /* Build configuration list for PBXProject "WhereU" */ = {
			isa = XCConfigurationList;
			buildConfigurations = (
				CFFFF2DF2A73CD4800C2B404 /* Debug */,
				CFFFF2E02A73CD4800C2B404 /* Release */,
			);
			defaultConfigurationIsVisible = 0;
			defaultConfigurationName = Release;
		};
		CFFFF2E12A73CD4800C2B404 /* Build configuration list for PBXNativeTarget "WhereU" */ = {
			isa = XCConfigurationList;
			buildConfigurations = (
				CFFFF2E22A73CD4800C2B404 /* Debug */,
				CFFFF2E32A73CD4800C2B404 /* Release */,
			);
			defaultConfigurationIsVisible = 0;
			defaultConfigurationName = Release;
		};
/* End XCConfigurationList section */

/* Begin XCRemoteSwiftPackageReference section */
		CF7559032A7A2F5A005E3583 /* XCRemoteSwiftPackageReference "kakao-ios-sdk" */ = {
			isa = XCRemoteSwiftPackageReference;
			repositoryURL = "https://github.com/kakao/kakao-ios-sdk.git";
			requirement = {
				kind = upToNextMajorVersion;
				minimumVersion = 2.0.0;
			};
		};
		CFC22D532A78E49B00524D88 /* XCRemoteSwiftPackageReference "SnapKit" */ = {
			isa = XCRemoteSwiftPackageReference;
			repositoryURL = "https://github.com/SnapKit/SnapKit.git";
			requirement = {
				kind = upToNextMajorVersion;
				minimumVersion = 5.0.0;
			};
		};
		CFC22D562A78E4A900524D88 /* XCRemoteSwiftPackageReference "SDWebImage" */ = {
			isa = XCRemoteSwiftPackageReference;
			repositoryURL = "https://github.com/SDWebImage/SDWebImage.git";
			requirement = {
				kind = upToNextMajorVersion;
				minimumVersion = 5.0.0;
			};
		};
/* End XCRemoteSwiftPackageReference section */

/* Begin XCSwiftPackageProductDependency section */
		CF7559042A7A2F5A005E3583 /* KakaoSDK */ = {
			isa = XCSwiftPackageProductDependency;
			package = CF7559032A7A2F5A005E3583 /* XCRemoteSwiftPackageReference "kakao-ios-sdk" */;
			productName = KakaoSDK;
		};
		CF7559062A7A2F5A005E3583 /* KakaoSDKAuth */ = {
			isa = XCSwiftPackageProductDependency;
			package = CF7559032A7A2F5A005E3583 /* XCRemoteSwiftPackageReference "kakao-ios-sdk" */;
			productName = KakaoSDKAuth;
		};
		CF7559082A7A2F5A005E3583 /* KakaoSDKCommon */ = {
			isa = XCSwiftPackageProductDependency;
			package = CF7559032A7A2F5A005E3583 /* XCRemoteSwiftPackageReference "kakao-ios-sdk" */;
			productName = KakaoSDKCommon;
		};
		CF75590A2A7A2F5A005E3583 /* KakaoSDKUser */ = {
			isa = XCSwiftPackageProductDependency;
			package = CF7559032A7A2F5A005E3583 /* XCRemoteSwiftPackageReference "kakao-ios-sdk" */;
			productName = KakaoSDKUser;
		};
		CFC22D542A78E49B00524D88 /* SnapKit */ = {
			isa = XCSwiftPackageProductDependency;
			package = CFC22D532A78E49B00524D88 /* XCRemoteSwiftPackageReference "SnapKit" */;
			productName = SnapKit;
		};
		CFC22D572A78E4A900524D88 /* SDWebImage */ = {
			isa = XCSwiftPackageProductDependency;
			package = CFC22D562A78E4A900524D88 /* XCRemoteSwiftPackageReference "SDWebImage" */;
			productName = SDWebImage;
		};
/* End XCSwiftPackageProductDependency section */
	};
	rootObject = CFFFF2C52A73CD4700C2B404 /* Project object */;
}
